
Microsoft Visual Studio Solution File, Format Version 12.00
# Visual Studio Version 17
VisualStudioVersion = 17.9.34622.214
MinimumVisualStudioVersion = 10.0.40219.1
Project("{FAE04EC0-301F-11D3-BF4B-00C04F79EFBC}") = "CarRentalManagementSystem", "CarRentalManagementSystem\CarRentalManagementSystem.csproj", "{80F9F359-60CD-42F9-8F3C-5FF8AB782799}"
EndProject
Global
	GlobalSection(SolutionConfigurationPlatforms) = preSolution
		Debug|Any CPU = Debug|Any CPU
		Release|Any CPU = Release|Any CPU
	EndGlobalSection
	GlobalSection(ProjectConfigurationPlatforms) = postSolution
		{80F9F359-60CD-42F9-8F3C-5FF8AB782799}.Debug|Any CPU.ActiveCfg = Debug|Any CPU
		{80F9F359-60CD-42F9-8F3C-5FF8AB782799}.Debug|Any CPU.Build.0 = Debug|Any CPU
		{80F9F359-60CD-42F9-8F3C-5FF8AB782799}.Release|Any CPU.ActiveCfg = Release|Any CPU
		{80F9F359-60CD-42F9-8F3C-5FF8AB782799}.Release|Any CPU.Build.0 = Release|Any CPU
	EndGlobalSection
	GlobalSection(SolutionProperties) = preSolution
		HideSolutionNode = FALSE
	EndGlobalSection
	GlobalSection(ExtensibilityGlobals) = postSolution
		SolutionGuid = {9B66E238-CF4E-4D1B-9BD1-45DD2F4920E5}
	EndGlobalSection
EndGlobal
